{
  "name": "Ai Image Generator Website",
  "lockfileVersion": 3,
  "requires": true,
  "packages": {
    "": {
      "dependencies": {
        "@huggingface/inference": "^4.0.0"
      }
    },
    "node_modules/@huggingface/inference": {
      "version": "4.0.0",
      "resolved": "https://registry.npmjs.org/@huggingface/inference/-/inference-4.0.0.tgz",
      "integrity": "sha512-NJD5qnYcOyG48qmqxIgmGZrgeR3+e/Sl+vGHTMvqgTK7vRXntLHzkgzSsHaP+qe7/etvVrr9yVy7vzSdA32dpg==",
      "license": "MIT",
      "dependencies": {
        "@huggingface/jinja": "^0.5.0",
        "@huggingface/tasks": "^0.19.11"
      },
      "engines": {
        "node": ">=18"
      }
    },
    "node_modules/@huggingface/jinja": {
      "version": "0.5.0",
      "resolved": "https://registry.npmjs.org/@huggingface/jinja/-/jinja-0.5.0.tgz",
      "integrity": "sha512-Ptc03/jGRiYRoi0bUYKZ14MkDslsBRT24oxmsvUlfYrvQMldrxCevhPnT+hfX8awKTT8/f/0ZBBWldoeAcMHdQ==",
      "license": "MIT",
      "engines": {
        "node": ">=18"
      }
    },
    "node_modules/@huggingface/tasks": {
      "version": "0.19.11",
      "resolved": "https://registry.npmjs.org/@huggingface/tasks/-/tasks-0.19.11.tgz",
      "integrity": "sha512-oBhSgVlg7Pp643MsH8BiI3OAXIMJNxdSiMtv4mApRZV8dmAz8oasKhg6CVKIplO7vAO7F6dkmMn4bYM64I2A9w==",
      "license": "MIT"
    }
  }
}
